
Microsoft Visual Studio Solution File, Format Version 12.00
# Visual Studio Version 17
VisualStudioVersion = 17.6.33417.168
MinimumVisualStudioVersion = 10.0.40219.1
Project("{FAE04EC0-301F-11D3-BF4B-00C04F79EFBC}") = "Watermark_Bookmarks", "Watermark_Bookmarks\Watermark_Bookmarks.csproj", "{C15ACB7A-56F4-4BDD-B11C-64966FA6C4ED}"
EndProject
Global
	GlobalSection(SolutionConfigurationPlatforms) = preSolution
		Debug|Any CPU = Debug|Any CPU
		Release|Any CPU = Release|Any CPU
	EndGlobalSection
	GlobalSection(ProjectConfigurationPlatforms) = postSolution
		{C15ACB7A-56F4-4BDD-B11C-64966FA6C4ED}.Debug|Any CPU.ActiveCfg = Debug|Any CPU
		{C15ACB7A-56F4-4BDD-B11C-64966FA6C4ED}.Debug|Any CPU.Build.0 = Debug|Any CPU
		{C15ACB7A-56F4-4BDD-B11C-64966FA6C4ED}.Release|Any CPU.ActiveCfg = Release|Any CPU
		{C15ACB7A-56F4-4BDD-B11C-64966FA6C4ED}.Release|Any CPU.Build.0 = Release|Any CPU
	EndGlobalSection
	GlobalSection(SolutionProperties) = preSolution
		HideSolutionNode = FALSE
	EndGlobalSection
	GlobalSection(ExtensibilityGlobals) = postSolution
		SolutionGuid = {BBE36021-86EB-4226-BE36-D8341D8ADD9D}
	EndGlobalSection
EndGlobal
